{
  "version": "3",
  "packages": {
    "specifiers": {
      "npm:wasm-image-optimization@^1.1.2": "npm:wasm-image-optimization@1.1.2"
    },
    "npm": {
      "wasm-image-optimization@1.1.2": {
        "integrity": "sha512-GQqo7vFZyEVenGPJNf6mcRa/ZkVGGFKnZrjQJ6+DX0aCNn6UKvTFCmwq/1vOTbM625poMyZJI/9KVkyAz8JETQ==",
        "dependencies": {}
      }
    }
  },
  "remote": {},
  "workspace": {
    "packageJson": {
      "dependencies": [
        "npm:wasm-image-optimization@^1.1.2"
      ]
    }
  }
}
