{
  "version": "3",
  "packages": {
    "specifiers": {
      "npm:wasm-image-optimization-avif": "npm:wasm-image-optimization-avif@0.0.1"
    },
    "npm": {
      "wasm-image-optimization-avif@0.0.1": {
        "integrity": "sha512-sYo36xEJXxKzd8LDNolTrf94JKqUNitkR9nS+yQSOJdw/wplTTbe530rlQ6zIM72HtFEdPJ97aIcM+md5lEWig==",
        "dependencies": {}
      }
    }
  },
  "remote": {}
}
