lockfileVersion: '9.0'

settings:
  autoInstallPeers: true
  excludeLinksFromLockfile: false

importers:

  .:
    dependencies:
      wasm-image-optimization:
        specifier: ^1.1.2
        version: 1.1.2

packages:

  wasm-image-optimization@1.1.2:
    resolution: {integrity: sha512-GQqo7vFZyEVenGPJNf6mcRa/ZkVGGFKnZrjQJ6+DX0aCNn6UKvTFCmwq/1vOTbM625poMyZJI/9KVkyAz8JETQ==}

snapshots:

  wasm-image-optimization@1.1.2: {}
